
Microsoft Visual Studio Solution File, Format Version 12.00
Project("{FAE04EC0-301F-11D3-BF4B-00C04F79EFBC}") = "CadastroHabCMAS", "CadastroHabCMAS\CadastroHabCMAS.csproj", "{99748D28-C78B-47D6-AF69-7E7B6E4CC407}"
EndProject
Project("{2150E333-8FDC-42A3-9474-1A3956D46DE8}") = "SolutionItems", "SolutionItems", "{B67A3C24-FD25-48AA-B5A2-E609B627756B}"
ProjectSection(SolutionItems) = preProject
	.gitignore = .gitignore
EndProjectSection
EndProject
Project("{2150E333-8FDC-42A3-9474-1A3956D46DE8}") = "Common", "Common", "{F919A9AB-DC3C-4E1A-8BBA-7B6D3D238A5C}"
EndProject
Project("{FAE04EC0-301F-11D3-BF4B-00C04F79EFBC}") = "Domain", "Domain\Domain.csproj", "{33A78C06-1DDF-4555-BD1E-D2A84585968E}"
EndProject
Project("{FAE04EC0-301F-11D3-BF4B-00C04F79EFBC}") = "Database", "Database\Database.csproj", "{F5809026-A5C7-4A81-AE63-523C79EEE4A2}"
EndProject
Project("{FAE04EC0-301F-11D3-BF4B-00C04F79EFBC}") = "Services", "Services\Services.csproj", "{8C83D41F-6AA5-4FD8-83A5-A21D400D9E86}"
EndProject
Global
	GlobalSection(SolutionConfigurationPlatforms) = preSolution
		Debug|Any CPU = Debug|Any CPU
		Release|Any CPU = Release|Any CPU
	EndGlobalSection
	GlobalSection(ProjectConfigurationPlatforms) = postSolution
		{99748D28-C78B-47D6-AF69-7E7B6E4CC407}.Debug|Any CPU.ActiveCfg = Debug|Any CPU
		{99748D28-C78B-47D6-AF69-7E7B6E4CC407}.Debug|Any CPU.Build.0 = Debug|Any CPU
		{99748D28-C78B-47D6-AF69-7E7B6E4CC407}.Release|Any CPU.ActiveCfg = Release|Any CPU
		{99748D28-C78B-47D6-AF69-7E7B6E4CC407}.Release|Any CPU.Build.0 = Release|Any CPU
		{33A78C06-1DDF-4555-BD1E-D2A84585968E}.Debug|Any CPU.ActiveCfg = Debug|Any CPU
		{33A78C06-1DDF-4555-BD1E-D2A84585968E}.Debug|Any CPU.Build.0 = Debug|Any CPU
		{33A78C06-1DDF-4555-BD1E-D2A84585968E}.Release|Any CPU.ActiveCfg = Release|Any CPU
		{33A78C06-1DDF-4555-BD1E-D2A84585968E}.Release|Any CPU.Build.0 = Release|Any CPU
		{F5809026-A5C7-4A81-AE63-523C79EEE4A2}.Debug|Any CPU.ActiveCfg = Debug|Any CPU
		{F5809026-A5C7-4A81-AE63-523C79EEE4A2}.Debug|Any CPU.Build.0 = Debug|Any CPU
		{F5809026-A5C7-4A81-AE63-523C79EEE4A2}.Release|Any CPU.ActiveCfg = Release|Any CPU
		{F5809026-A5C7-4A81-AE63-523C79EEE4A2}.Release|Any CPU.Build.0 = Release|Any CPU
		{8C83D41F-6AA5-4FD8-83A5-A21D400D9E86}.Debug|Any CPU.ActiveCfg = Debug|Any CPU
		{8C83D41F-6AA5-4FD8-83A5-A21D400D9E86}.Debug|Any CPU.Build.0 = Debug|Any CPU
		{8C83D41F-6AA5-4FD8-83A5-A21D400D9E86}.Release|Any CPU.ActiveCfg = Release|Any CPU
		{8C83D41F-6AA5-4FD8-83A5-A21D400D9E86}.Release|Any CPU.Build.0 = Release|Any CPU
	EndGlobalSection
	GlobalSection(NestedProjects) = preSolution
		{33A78C06-1DDF-4555-BD1E-D2A84585968E} = {F919A9AB-DC3C-4E1A-8BBA-7B6D3D238A5C}
		{F5809026-A5C7-4A81-AE63-523C79EEE4A2} = {F919A9AB-DC3C-4E1A-8BBA-7B6D3D238A5C}
		{8C83D41F-6AA5-4FD8-83A5-A21D400D9E86} = {F919A9AB-DC3C-4E1A-8BBA-7B6D3D238A5C}
	EndGlobalSection
EndGlobal
